{
  "name": "@etherisc/gif-sandbox",
  "version": "0.0.1",
  "lockfileVersion": 2,
  "requires": true,
  "packages": {
    "": {
      "name": "@etherisc/gif-sandbox",
      "version": "0.0.1",
      "license": "Apache-2.0",
      "dependencies": {
        "@etherisc/gif-interface": "2.0.0-a8c9822",
        "@openzeppelin/contracts": "4.9.3"
      }
    },
    "node_modules/@etherisc/gif-interface": {
      "version": "2.0.0-a8c9822",
      "resolved": "https://registry.npmjs.org/@etherisc/gif-interface/-/gif-interface-2.0.0-a8c9822.tgz",
      "integrity": "sha512-mir/znqegL3rEBMLacvyyyjq2/mt0TCQhDAmub6bPuItLy7wiC/jNvnf9I9pKcCDt/VdBa0bjNO4L2iL44HXiA==",
      "dependencies": {
        "@openzeppelin/contracts": "4.7.3"
      }
    },
    "node_modules/@etherisc/gif-interface/node_modules/@openzeppelin/contracts": {
      "version": "4.7.3",
      "resolved": "https://registry.npmjs.org/@openzeppelin/contracts/-/contracts-4.7.3.tgz",
      "integrity": "sha512-dGRS0agJzu8ybo44pCIf3xBaPQN/65AIXNgK8+4gzKd5kbvlqyxryUYVLJv7fK98Seyd2hDZzVEHSWAh0Bt1Yw=="
    },
    "node_modules/@openzeppelin/contracts": {
      "version": "4.9.3",
      "resolved": "https://registry.npmjs.org/@openzeppelin/contracts/-/contracts-4.9.3.tgz",
      "integrity": "sha512-He3LieZ1pP2TNt5JbkPA4PNT9WC3gOTOlDcFGJW4Le4QKqwmiNJCRt44APfxMxvq7OugU/cqYuPcSBzOw38DAg=="
    }
  },
  "dependencies": {
    "@etherisc/gif-interface": {
      "version": "2.0.0-a8c9822",
      "resolved": "https://registry.npmjs.org/@etherisc/gif-interface/-/gif-interface-2.0.0-a8c9822.tgz",
      "integrity": "sha512-mir/znqegL3rEBMLacvyyyjq2/mt0TCQhDAmub6bPuItLy7wiC/jNvnf9I9pKcCDt/VdBa0bjNO4L2iL44HXiA==",
      "requires": {
        "@openzeppelin/contracts": "4.7.3"
      },
      "dependencies": {
        "@openzeppelin/contracts": {
          "version": "4.7.3",
          "resolved": "https://registry.npmjs.org/@openzeppelin/contracts/-/contracts-4.7.3.tgz",
          "integrity": "sha512-dGRS0agJzu8ybo44pCIf3xBaPQN/65AIXNgK8+4gzKd5kbvlqyxryUYVLJv7fK98Seyd2hDZzVEHSWAh0Bt1Yw=="
        }
      }
    },
    "@openzeppelin/contracts": {
      "version": "4.9.3",
      "resolved": "https://registry.npmjs.org/@openzeppelin/contracts/-/contracts-4.9.3.tgz",
      "integrity": "sha512-He3LieZ1pP2TNt5JbkPA4PNT9WC3gOTOlDcFGJW4Le4QKqwmiNJCRt44APfxMxvq7OugU/cqYuPcSBzOw38DAg=="
    }
  }
}
